// !$*UTF8*$!
{
	archiveVersion = 1;
	classes = {
	};
	objectVersion = 46;
	objects = {

/* Begin PBXBuildFile section */
		49055DF91E16109D002DE98A /* AppDelegate.swift in Sources */ = {isa = PBXBuildFile; fileRef = 49055DF81E16109D002DE98A /* AppDelegate.swift */; };
		49055DFB1E16109D002DE98A /* ViewController.swift in Sources */ = {isa = PBXBuildFile; fileRef = 49055DFA1E16109D002DE98A /* ViewController.swift */; };
		49055DFE1E16109D002DE98A /* Main.storyboard in Resources */ = {isa = PBXBuildFile; fileRef = 49055DFC1E16109D002DE98A /* Main.storyboard */; };
		49055E001E16109D002DE98A /* Assets.xcassets in Resources */ = {isa = PBXBuildFile; fileRef = 49055DFF1E16109D002DE98A /* Assets.xcassets */; };
		49055E031E16109D002DE98A /* LaunchScreen.storyboard in Resources */ = {isa = PBXBuildFile; fileRef = 49055E011E16109D002DE98A /* LaunchScreen.storyboard */; };
		49055E0C1E16121F002DE98A /* Factory.swift in Sources */ = {isa = PBXBuildFile; fileRef = 49055E0B1E16121F002DE98A /* Factory.swift */; };
		49055E0E1E161375002DE98A /* Product.swift in Sources */ = {isa = PBXBuildFile; fileRef = 49055E0D1E161375002DE98A /* Product.swift */; };
		49055E101E163414002DE98A /* ProductAdd.swift in Sources */ = {isa = PBXBuildFile; fileRef = 49055E0F1E163414002DE98A /* ProductAdd.swift */; };
		49055E121E163422002DE98A /* ProductMinus.swift in Sources */ = {isa = PBXBuildFile; fileRef = 49055E111E163422002DE98A /* ProductMinus.swift */; };
		49055E141E16342E002DE98A /* ProductMultiply.swift in Sources */ = {isa = PBXBuildFile; fileRef = 49055E131E16342E002DE98A /* ProductMultiply.swift */; };
		49055E161E16343E002DE98A /* ProductDivide.swift in Sources */ = {isa = PBXBuildFile; fileRef = 49055E151E16343E002DE98A /* ProductDivide.swift */; };
/* End PBXBuildFile section */

/* Begin PBXFileReference section */
		49055DF51E16109D002DE98A /* SimpleFactory.app */ = {isa = PBXFileReference; explicitFileType = wrapper.application; includeInIndex = 0; path = SimpleFactory.app; sourceTree = BUILT_PRODUCTS_DIR; };
		49055DF81E16109D002DE98A /* AppDelegate.swift */ = {isa = PBXFileReference; lastKnownFileType = sourcecode.swift; path = AppDelegate.swift; sourceTree = "<group>"; };
		49055DFA1E16109D002DE98A /* ViewController.swift */ = {isa = PBXFileReference; lastKnownFileType = sourcecode.swift; path = ViewController.swift; sourceTree = "<group>"; };
		49055DFD1E16109D002DE98A /* Base */ = {isa = PBXFileReference; lastKnownFileType = file.storyboard; name = Base; path = Base.lproj/Main.storyboard; sourceTree = "<group>"; };
		49055DFF1E16109D002DE98A /* Assets.xcassets */ = {isa = PBXFileReference; lastKnownFileType = folder.assetcatalog; path = Assets.xcassets; sourceTree = "<group>"; };
		49055E021E16109D002DE98A /* Base */ = {isa = PBXFileReference; lastKnownFileType = file.storyboard; name = Base; path = Base.lproj/LaunchScreen.storyboard; sourceTree = "<group>"; };
		49055E041E16109D002DE98A /* Info.plist */ = {isa = PBXFileReference; lastKnownFileType = text.plist.xml; path = Info.plist; sourceTree = "<group>"; };
		49055E0B1E16121F002DE98A /* Factory.swift */ = {isa = PBXFileReference; fileEncoding = 4; lastKnownFileType = sourcecode.swift; path = Factory.swift; sourceTree = "<group>"; };
		49055E0D1E161375002DE98A /* Product.swift */ = {isa = PBXFileReference; fileEncoding = 4; lastKnownFileType = sourcecode.swift; path = Product.swift; sourceTree = "<group>"; };
		49055E0F1E163414002DE98A /* ProductAdd.swift */ = {isa = PBXFileReference; fileEncoding = 4; lastKnownFileType = sourcecode.swift; path = ProductAdd.swift; sourceTree = "<group>"; };
		49055E111E163422002DE98A /* ProductMinus.swift */ = {isa = PBXFileReference; fileEncoding = 4; lastKnownFileType = sourcecode.swift; path = ProductMinus.swift; sourceTree = "<group>"; };
		49055E131E16342E002DE98A /* ProductMultiply.swift */ = {isa = PBXFileReference; fileEncoding = 4; lastKnownFileType = sourcecode.swift; path = ProductMultiply.swift; sourceTree = "<group>"; };
		49055E151E16343E002DE98A /* ProductDivide.swift */ = {isa = PBXFileReference; fileEncoding = 4; lastKnownFileType = sourcecode.swift; path = ProductDivide.swift; sourceTree = "<group>"; };
/* End PBXFileReference section */

/* Begin PBXFrameworksBuildPhase section */
		49055DF21E16109D002DE98A /* Frameworks */ = {
			isa = PBXFrameworksBuildPhase;
			buildActionMask = 2147483647;
			files = (
			);
			runOnlyForDeploymentPostprocessing = 0;
		};
/* End PBXFrameworksBuildPhase section */

/* Begin PBXGroup section */
		49055DEC1E16109D002DE98A = {
			isa = PBXGroup;
			children = (
				49055DF71E16109D002DE98A /* SimpleFactory */,
				49055DF61E16109D002DE98A /* Products */,
			);
			sourceTree = "<group>";
		};
		49055DF61E16109D002DE98A /* Products */ = {
			isa = PBXGroup;
			children = (
				49055DF51E16109D002DE98A /* SimpleFactory.app */,
			);
			name = Products;
			sourceTree = "<group>";
		};
		49055DF71E16109D002DE98A /* SimpleFactory */ = {
			isa = PBXGroup;
			children = (
				49055E0A1E16114D002DE98A /* SimpleFactory */,
				49055DF81E16109D002DE98A /* AppDelegate.swift */,
				49055DFA1E16109D002DE98A /* ViewController.swift */,
				49055DFC1E16109D002DE98A /* Main.storyboard */,
				49055DFF1E16109D002DE98A /* Assets.xcassets */,
				49055E011E16109D002DE98A /* LaunchScreen.storyboard */,
				49055E041E16109D002DE98A /* Info.plist */,
			);
			path = SimpleFactory;
			sourceTree = "<group>";
		};
		49055E0A1E16114D002DE98A /* SimpleFactory */ = {
			isa = PBXGroup;
			children = (
				49055E0B1E16121F002DE98A /* Factory.swift */,
				49055E0D1E161375002DE98A /* Product.swift */,
				49055E0F1E163414002DE98A /* ProductAdd.swift */,
				49055E111E163422002DE98A /* ProductMinus.swift */,
				49055E131E16342E002DE98A /* ProductMultiply.swift */,
				49055E151E16343E002DE98A /* ProductDivide.swift */,
			);
			name = SimpleFactory;
			sourceTree = "<group>";
		};
/* End PBXGroup section */

/* Begin PBXNativeTarget section */
		49055DF41E16109D002DE98A /* SimpleFactory */ = {
			isa = PBXNativeTarget;
			buildConfigurationList = 49055E071E16109D002DE98A /* Build configuration list for PBXNativeTarget "SimpleFactory" */;
			buildPhases = (
				49055DF11E16109D002DE98A /* Sources */,
				49055DF21E16109D002DE98A /* Frameworks */,
				49055DF31E16109D002DE98A /* Resources */,
			);
			buildRules = (
			);
			dependencies = (
			);
			name = SimpleFactory;
			productName = SimpleFactory;
			productReference = 49055DF51E16109D002DE98A /* SimpleFactory.app */;
			productType = "com.apple.product-type.application";
		};
/* End PBXNativeTarget section */

/* Begin PBXProject section */
		49055DED1E16109D002DE98A /* Project object */ = {
			isa = PBXProject;
			attributes = {
				LastSwiftUpdateCheck = 0820;
				LastUpgradeCheck = 0820;
				ORGANIZATIONNAME = Melody5417;
				TargetAttributes = {
					49055DF41E16109D002DE98A = {
						CreatedOnToolsVersion = 8.2.1;
						ProvisioningStyle = Automatic;
					};
				};
			};
			buildConfigurationList = 49055DF01E16109D002DE98A /* Build configuration list for PBXProject "SimpleFactory" */;
			compatibilityVersion = "Xcode 3.2";
			developmentRegion = English;
			hasScannedForEncodings = 0;
			knownRegions = (
				en,
				Base,
			);
			mainGroup = 49055DEC1E16109D002DE98A;
			productRefGroup = 49055DF61E16109D002DE98A /* Products */;
			projectDirPath = "";
			projectRoot = "";
			targets = (
				49055DF41E16109D002DE98A /* SimpleFactory */,
			);
		};
/* End PBXProject section */

/* Begin PBXResourcesBuildPhase section */
		49055DF31E16109D002DE98A /* Resources */ = {
			isa = PBXResourcesBuildPhase;
			buildActionMask = 2147483647;
			files = (
				49055E031E16109D002DE98A /* LaunchScreen.storyboard in Resources */,
				49055E001E16109D002DE98A /* Assets.xcassets in Resources */,
				49055DFE1E16109D002DE98A /* Main.storyboard in Resources */,
			);
			runOnlyForDeploymentPostprocessing = 0;
		};
/* End PBXResourcesBuildPhase section */

/* Begin PBXSourcesBuildPhase section */
		49055DF11E16109D002DE98A /* Sources */ = {
			isa = PBXSourcesBuildPhase;
			buildActionMask = 2147483647;
			files = (
				49055E141E16342E002DE98A /* ProductMultiply.swift in Sources */,
				49055E121E163422002DE98A /* ProductMinus.swift in Sources */,
				49055DFB1E16109D002DE98A /* ViewController.swift in Sources */,
				49055E0E1E161375002DE98A /* Product.swift in Sources */,
				49055E161E16343E002DE98A /* ProductDivide.swift in Sources */,
				49055E101E163414002DE98A /* ProductAdd.swift in Sources */,
				49055DF91E16109D002DE98A /* AppDelegate.swift in Sources */,
				49055E0C1E16121F002DE98A /* Factory.swift in Sources */,
			);
			runOnlyForDeploymentPostprocessing = 0;
		};
/* End PBXSourcesBuildPhase section */

/* Begin PBXVariantGroup section */
		49055DFC1E16109D002DE98A /* Main.storyboard */ = {
			isa = PBXVariantGroup;
			children = (
				49055DFD1E16109D002DE98A /* Base */,
			);
			name = Main.storyboard;
			sourceTree = "<group>";
		};
		49055E011E16109D002DE98A /* LaunchScreen.storyboard */ = {
			isa = PBXVariantGroup;
			children = (
				49055E021E16109D002DE98A /* Base */,
			);
			name = LaunchScreen.storyboard;
			sourceTree = "<group>";
		};
/* End PBXVariantGroup section */

/* Begin XCBuildConfiguration section */
		49055E051E16109D002DE98A /* Debug */ = {
			isa = XCBuildConfiguration;
			buildSettings = {
				ALWAYS_SEARCH_USER_PATHS = NO;
				CLANG_ANALYZER_NONNULL = YES;
				CLANG_CXX_LANGUAGE_STANDARD = "gnu++0x";
				CLANG_CXX_LIBRARY = "libc++";
				CLANG_ENABLE_MODULES = YES;
				CLANG_ENABLE_OBJC_ARC = YES;
				CLANG_WARN_BOOL_CONVERSION = YES;
				CLANG_WARN_CONSTANT_CONVERSION = YES;
				CLANG_WARN_DIRECT_OBJC_ISA_USAGE = YES_ERROR;
				CLANG_WARN_DOCUMENTATION_COMMENTS = YES;
				CLANG_WARN_EMPTY_BODY = YES;
				CLANG_WARN_ENUM_CONVERSION = YES;
				CLANG_WARN_INFINITE_RECURSION = YES;
				CLANG_WARN_INT_CONVERSION = YES;
				CLANG_WARN_OBJC_ROOT_CLASS = YES_ERROR;
				CLANG_WARN_SUSPICIOUS_MOVE = YES;
				CLANG_WARN_UNREACHABLE_CODE = YES;
				CLANG_WARN__DUPLICATE_METHOD_MATCH = YES;
				"CODE_SIGN_IDENTITY[sdk=iphoneos*]" = "iPhone Developer";
				COPY_PHASE_STRIP = NO;
				DEBUG_INFORMATION_FORMAT = dwarf;
				ENABLE_STRICT_OBJC_MSGSEND = YES;
				ENABLE_TESTABILITY = YES;
				GCC_C_LANGUAGE_STANDARD = gnu99;
				GCC_DYNAMIC_NO_PIC = NO;
				GCC_NO_COMMON_BLOCKS = YES;
				GCC_OPTIMIZATION_LEVEL = 0;
				GCC_PREPROCESSOR_DEFINITIONS = (
					"DEBUG=1",
					"$(inherited)",
				);
				GCC_WARN_64_TO_32_BIT_CONVERSION = YES;
				GCC_WARN_ABOUT_RETURN_TYPE = YES_ERROR;
				GCC_WARN_UNDECLARED_SELECTOR = YES;
				GCC_WARN_UNINITIALIZED_AUTOS = YES_AGGRESSIVE;
				GCC_WARN_UNUSED_FUNCTION = YES;
				GCC_WARN_UNUSED_VARIABLE = YES;
				IPHONEOS_DEPLOYMENT_TARGET = 10.2;
				MTL_ENABLE_DEBUG_INFO = YES;
				ONLY_ACTIVE_ARCH = YES;
				SDKROOT = iphoneos;
				SWIFT_ACTIVE_COMPILATION_CONDITIONS = DEBUG;
				SWIFT_OPTIMIZATION_LEVEL = "-Onone";
			};
			name = Debug;
		};
		49055E061E16109D002DE98A /* Release */ = {
			isa = XCBuildConfiguration;
			buildSettings = {
				ALWAYS_SEARCH_USER_PATHS = NO;
				CLANG_ANALYZER_NONNULL = YES;
				CLANG_CXX_LANGUAGE_STANDARD = "gnu++0x";
				CLANG_CXX_LIBRARY = "libc++";
				CLANG_ENABLE_MODULES = YES;
				CLANG_ENABLE_OBJC_ARC = YES;
				CLANG_WARN_BOOL_CONVERSION = YES;
				CLANG_WARN_CONSTANT_CONVERSION = YES;
				CLANG_WARN_DIRECT_OBJC_ISA_USAGE = YES_ERROR;
				CLANG_WARN_DOCUMENTATION_COMMENTS = YES;
				CLANG_WARN_EMPTY_BODY = YES;
				CLANG_WARN_ENUM_CONVERSION = YES;
				CLANG_WARN_INFINITE_RECURSION = YES;
				CLANG_WARN_INT_CONVERSION = YES;
				CLANG_WARN_OBJC_ROOT_CLASS = YES_ERROR;
				CLANG_WARN_SUSPICIOUS_MOVE = YES;
				CLANG_WARN_UNREACHABLE_CODE = YES;
				CLANG_WARN__DUPLICATE_METHOD_MATCH = YES;
				"CODE_SIGN_IDENTITY[sdk=iphoneos*]" = "iPhone Developer";
				COPY_PHASE_STRIP = NO;
				DEBUG_INFORMATION_FORMAT = "dwarf-with-dsym";
				ENABLE_NS_ASSERTIONS = NO;
				ENABLE_STRICT_OBJC_MSGSEND = YES;
				GCC_C_LANGUAGE_STANDARD = gnu99;
				GCC_NO_COMMON_BLOCKS = YES;
				GCC_WARN_64_TO_32_BIT_CONVERSION = YES;
				GCC_WARN_ABOUT_RETURN_TYPE = YES_ERROR;
				GCC_WARN_UNDECLARED_SELECTOR = YES;
				GCC_WARN_UNINITIALIZED_AUTOS = YES_AGGRESSIVE;
				GCC_WARN_UNUSED_FUNCTION = YES;
				GCC_WARN_UNUSED_VARIABLE = YES;
				IPHONEOS_DEPLOYMENT_TARGET = 10.2;
				MTL_ENABLE_DEBUG_INFO = NO;
				SDKROOT = iphoneos;
				SWIFT_OPTIMIZATION_LEVEL = "-Owholemodule";
				VALIDATE_PRODUCT = YES;
			};
			name = Release;
		};
		49055E081E16109D002DE98A /* Debug */ = {
			isa = XCBuildConfiguration;
			buildSettings = {
				ASSETCATALOG_COMPILER_APPICON_NAME = AppIcon;
				INFOPLIST_FILE = SimpleFactory/Info.plist;
				LD_RUNPATH_SEARCH_PATHS = "$(inherited) @executable_path/Frameworks";
				PRODUCT_BUNDLE_IDENTIFIER = com.Melody5417.SimpleFactory;
				PRODUCT_NAME = "$(TARGET_NAME)";
				SWIFT_VERSION = 3.0;
			};
			name = Debug;
		};
		49055E091E16109D002DE98A /* Release */ = {
			isa = XCBuildConfiguration;
			buildSettings = {
				ASSETCATALOG_COMPILER_APPICON_NAME = AppIcon;
				INFOPLIST_FILE = SimpleFactory/Info.plist;
				LD_RUNPATH_SEARCH_PATHS = "$(inherited) @executable_path/Frameworks";
				PRODUCT_BUNDLE_IDENTIFIER = com.Melody5417.SimpleFactory;
				PRODUCT_NAME = "$(TARGET_NAME)";
				SWIFT_VERSION = 3.0;
			};
			name = Release;
		};
/* End XCBuildConfiguration section */

/* Begin XCConfigurationList section */
		49055DF01E16109D002DE98A /* Build configuration list for PBXProject "SimpleFactory" */ = {
			isa = XCConfigurationList;
			buildConfigurations = (
				49055E051E16109D002DE98A /* Debug */,
				49055E061E16109D002DE98A /* Release */,
			);
			defaultConfigurationIsVisible = 0;
			defaultConfigurationName = Release;
		};
		49055E071E16109D002DE98A /* Build configuration list for PBXNativeTarget "SimpleFactory" */ = {
			isa = XCConfigurationList;
			buildConfigurations = (
				49055E081E16109D002DE98A /* Debug */,
				49055E091E16109D002DE98A /* Release */,
			);
			defaultConfigurationIsVisible = 0;
		};
/* End XCConfigurationList section */
	};
	rootObject = 49055DED1E16109D002DE98A /* Project object */;
}
